// !$*UTF8*$!
{
	archiveVersion = 1;
	classes = {
	};
	objectVersion = 52;
	objects = {

/* Begin PBXBuildFile section */
		35C1ABE62394CB6E00FCCCC4 /* AppDelegate.swift in Sources */ = {isa = PBXBuildFile; fileRef = 35C1ABE52394CB6E00FCCCC4 /* AppDelegate.swift */; };
		35C1ABE82394CB6E00FCCCC4 /* ViewController.swift in Sources */ = {isa = PBXBuildFile; fileRef = 35C1ABE72394CB6E00FCCCC4 /* ViewController.swift */; };
		35C1ABEA2394CB7400FCCCC4 /* Assets.xcassets in Resources */ = {isa = PBXBuildFile; fileRef = 35C1ABE92394CB7400FCCCC4 /* Assets.xcassets */; };
		35C1ABED2394CB7400FCCCC4 /* Main.storyboard in Resources */ = {isa = PBXBuildFile; fileRef = 35C1ABEB2394CB7400FCCCC4 /* Main.storyboard */; };
		35C1ABF92394E62200FCCCC4 /* GoogleService-Info.plist in Resources */ = {isa = PBXBuildFile; fileRef = 35C1ABF82394E62200FCCCC4 /* GoogleService-Info.plist */; };
		35C1ABFB2394E65500FCCCC4 /* PreviewManager.swift in Sources */ = {isa = PBXBuildFile; fileRef = 35C1ABFA2394E65500FCCCC4 /* PreviewManager.swift */; };
		35C1ABFD2394F5CB00FCCCC4 /* PreviewWindowController.swift in Sources */ = {isa = PBXBuildFile; fileRef = 35C1ABFC2394F5CB00FCCCC4 /* PreviewWindowController.swift */; };
		ECC842C3FFA35039F2131610 /* Pods_FigmaMirrorDesktop.framework in Frameworks */ = {isa = PBXBuildFile; fileRef = 391AB6499410C64A169EAB08 /* Pods_FigmaMirrorDesktop.framework */; };
/* End PBXBuildFile section */

/* Begin PBXFileReference section */
		35C1ABE22394CB6E00FCCCC4 /* Figma Mirror.app */ = {isa = PBXFileReference; explicitFileType = wrapper.application; includeInIndex = 0; path = "Figma Mirror.app"; sourceTree = BUILT_PRODUCTS_DIR; };
		35C1ABE52394CB6E00FCCCC4 /* AppDelegate.swift */ = {isa = PBXFileReference; lastKnownFileType = sourcecode.swift; path = AppDelegate.swift; sourceTree = "<group>"; };
		35C1ABE72394CB6E00FCCCC4 /* ViewController.swift */ = {isa = PBXFileReference; lastKnownFileType = sourcecode.swift; path = ViewController.swift; sourceTree = "<group>"; };
		35C1ABE92394CB7400FCCCC4 /* Assets.xcassets */ = {isa = PBXFileReference; lastKnownFileType = folder.assetcatalog; path = Assets.xcassets; sourceTree = "<group>"; };
		35C1ABEC2394CB7400FCCCC4 /* Base */ = {isa = PBXFileReference; lastKnownFileType = file.storyboard; name = Base; path = Base.lproj/Main.storyboard; sourceTree = "<group>"; };
		35C1ABEE2394CB7400FCCCC4 /* Info.plist */ = {isa = PBXFileReference; lastKnownFileType = text.plist.xml; path = Info.plist; sourceTree = "<group>"; };
		35C1ABEF2394CB7400FCCCC4 /* FigmaMirrorDesktop.entitlements */ = {isa = PBXFileReference; lastKnownFileType = text.plist.entitlements; path = FigmaMirrorDesktop.entitlements; sourceTree = "<group>"; };
		35C1ABF82394E62200FCCCC4 /* GoogleService-Info.plist */ = {isa = PBXFileReference; fileEncoding = 4; lastKnownFileType = text.plist.xml; path = "GoogleService-Info.plist"; sourceTree = "<group>"; };
		35C1ABFA2394E65500FCCCC4 /* PreviewManager.swift */ = {isa = PBXFileReference; lastKnownFileType = sourcecode.swift; path = PreviewManager.swift; sourceTree = "<group>"; };
		35C1ABFC2394F5CB00FCCCC4 /* PreviewWindowController.swift */ = {isa = PBXFileReference; lastKnownFileType = sourcecode.swift; path = PreviewWindowController.swift; sourceTree = "<group>"; };
		391AB6499410C64A169EAB08 /* Pods_FigmaMirrorDesktop.framework */ = {isa = PBXFileReference; explicitFileType = wrapper.framework; includeInIndex = 0; path = Pods_FigmaMirrorDesktop.framework; sourceTree = BUILT_PRODUCTS_DIR; };
		5CE505BD1EF7BD9FBF6E37EB /* Pods-FigmaMirrorDesktop.release.xcconfig */ = {isa = PBXFileReference; includeInIndex = 1; lastKnownFileType = text.xcconfig; name = "Pods-FigmaMirrorDesktop.release.xcconfig"; path = "Target Support Files/Pods-FigmaMirrorDesktop/Pods-FigmaMirrorDesktop.release.xcconfig"; sourceTree = "<group>"; };
		93B9F3253679421B0B0D4E91 /* Pods-FigmaMirrorDesktop.debug.xcconfig */ = {isa = PBXFileReference; includeInIndex = 1; lastKnownFileType = text.xcconfig; name = "Pods-FigmaMirrorDesktop.debug.xcconfig"; path = "Target Support Files/Pods-FigmaMirrorDesktop/Pods-FigmaMirrorDesktop.debug.xcconfig"; sourceTree = "<group>"; };
/* End PBXFileReference section */

/* Begin PBXFrameworksBuildPhase section */
		35C1ABDF2394CB6E00FCCCC4 /* Frameworks */ = {
			isa = PBXFrameworksBuildPhase;
			buildActionMask = 2147483647;
			files = (
				ECC842C3FFA35039F2131610 /* Pods_FigmaMirrorDesktop.framework in Frameworks */,
			);
			runOnlyForDeploymentPostprocessing = 0;
		};
/* End PBXFrameworksBuildPhase section */

/* Begin PBXGroup section */
		35C1ABD92394CB6E00FCCCC4 = {
			isa = PBXGroup;
			children = (
				35C1ABE42394CB6E00FCCCC4 /* FigmaMirrorDesktop */,
				35C1ABE32394CB6E00FCCCC4 /* Products */,
				8B8F9146EE9FEBD0CAF0DE73 /* Pods */,
				5FBCFB648F6874D3011535D5 /* Frameworks */,
			);
			sourceTree = "<group>";
		};
		35C1ABE32394CB6E00FCCCC4 /* Products */ = {
			isa = PBXGroup;
			children = (
				35C1ABE22394CB6E00FCCCC4 /* Figma Mirror.app */,
			);
			name = Products;
			sourceTree = "<group>";
		};
		35C1ABE42394CB6E00FCCCC4 /* FigmaMirrorDesktop */ = {
			isa = PBXGroup;
			children = (
				35C1ABE52394CB6E00FCCCC4 /* AppDelegate.swift */,
				35C1ABE72394CB6E00FCCCC4 /* ViewController.swift */,
				35C1ABFA2394E65500FCCCC4 /* PreviewManager.swift */,
				35C1ABFC2394F5CB00FCCCC4 /* PreviewWindowController.swift */,
				35C1ABF82394E62200FCCCC4 /* GoogleService-Info.plist */,
				35C1ABE92394CB7400FCCCC4 /* Assets.xcassets */,
				35C1ABEB2394CB7400FCCCC4 /* Main.storyboard */,
				35C1ABEE2394CB7400FCCCC4 /* Info.plist */,
				35C1ABEF2394CB7400FCCCC4 /* FigmaMirrorDesktop.entitlements */,
			);
			path = FigmaMirrorDesktop;
			sourceTree = "<group>";
		};
		5FBCFB648F6874D3011535D5 /* Frameworks */ = {
			isa = PBXGroup;
			children = (
				391AB6499410C64A169EAB08 /* Pods_FigmaMirrorDesktop.framework */,
			);
			name = Frameworks;
			sourceTree = "<group>";
		};
		8B8F9146EE9FEBD0CAF0DE73 /* Pods */ = {
			isa = PBXGroup;
			children = (
				93B9F3253679421B0B0D4E91 /* Pods-FigmaMirrorDesktop.debug.xcconfig */,
				5CE505BD1EF7BD9FBF6E37EB /* Pods-FigmaMirrorDesktop.release.xcconfig */,
			);
			path = Pods;
			sourceTree = "<group>";
		};
/* End PBXGroup section */

/* Begin PBXNativeTarget section */
		35C1ABE12394CB6E00FCCCC4 /* FigmaMirrorDesktop */ = {
			isa = PBXNativeTarget;
			buildConfigurationList = 35C1ABF22394CB7400FCCCC4 /* Build configuration list for PBXNativeTarget "FigmaMirrorDesktop" */;
			buildPhases = (
				681A5C20A55455F597A806D7 /* [CP] Check Pods Manifest.lock */,
				35C1ABDE2394CB6E00FCCCC4 /* Sources */,
				35C1ABDF2394CB6E00FCCCC4 /* Frameworks */,
				35C1ABE02394CB6E00FCCCC4 /* Resources */,
				9A5D0503C14A097E7D79BCB3 /* [CP] Embed Pods Frameworks */,
			);
			buildRules = (
			);
			dependencies = (
			);
			name = FigmaMirrorDesktop;
			packageProductDependencies = (
			);
			productName = FigmaMirrorDesktop;
			productReference = 35C1ABE22394CB6E00FCCCC4 /* Figma Mirror.app */;
			productType = "com.apple.product-type.application";
		};
/* End PBXNativeTarget section */

/* Begin PBXProject section */
		35C1ABDA2394CB6E00FCCCC4 /* Project object */ = {
			isa = PBXProject;
			attributes = {
				LastSwiftUpdateCheck = 1130;
				LastUpgradeCheck = 1130;
				ORGANIZATIONNAME = "Nate Parrott";
				TargetAttributes = {
					35C1ABE12394CB6E00FCCCC4 = {
						CreatedOnToolsVersion = 11.3;
					};
				};
			};
			buildConfigurationList = 35C1ABDD2394CB6E00FCCCC4 /* Build configuration list for PBXProject "FigmaMirrorDesktop" */;
			compatibilityVersion = "Xcode 9.3";
			developmentRegion = en;
			hasScannedForEncodings = 0;
			knownRegions = (
				en,
				Base,
			);
			mainGroup = 35C1ABD92394CB6E00FCCCC4;
			packageReferences = (
				35C1ABF52394CCF800FCCCC4 /* XCRemoteSwiftPackageReference "swifter" */,
			);
			productRefGroup = 35C1ABE32394CB6E00FCCCC4 /* Products */;
			projectDirPath = "";
			projectRoot = "";
			targets = (
				35C1ABE12394CB6E00FCCCC4 /* FigmaMirrorDesktop */,
			);
		};
/* End PBXProject section */

/* Begin PBXResourcesBuildPhase section */
		35C1ABE02394CB6E00FCCCC4 /* Resources */ = {
			isa = PBXResourcesBuildPhase;
			buildActionMask = 2147483647;
			files = (
				35C1ABF92394E62200FCCCC4 /* GoogleService-Info.plist in Resources */,
				35C1ABEA2394CB7400FCCCC4 /* Assets.xcassets in Resources */,
				35C1ABED2394CB7400FCCCC4 /* Main.storyboard in Resources */,
			);
			runOnlyForDeploymentPostprocessing = 0;
		};
/* End PBXResourcesBuildPhase section */

/* Begin PBXShellScriptBuildPhase section */
		681A5C20A55455F597A806D7 /* [CP] Check Pods Manifest.lock */ = {
			isa = PBXShellScriptBuildPhase;
			buildActionMask = 2147483647;
			files = (
			);
			inputFileListPaths = (
			);
			inputPaths = (
				"${PODS_PODFILE_DIR_PATH}/Podfile.lock",
				"${PODS_ROOT}/Manifest.lock",
			);
			name = "[CP] Check Pods Manifest.lock";
			outputFileListPaths = (
			);
			outputPaths = (
				"$(DERIVED_FILE_DIR)/Pods-FigmaMirrorDesktop-checkManifestLockResult.txt",
			);
			runOnlyForDeploymentPostprocessing = 0;
			shellPath = /bin/sh;
			shellScript = "diff \"${PODS_PODFILE_DIR_PATH}/Podfile.lock\" \"${PODS_ROOT}/Manifest.lock\" > /dev/null\nif [ $? != 0 ] ; then\n    # print error to STDERR\n    echo \"error: The sandbox is not in sync with the Podfile.lock. Run 'pod install' or update your CocoaPods installation.\" >&2\n    exit 1\nfi\n# This output is used by Xcode 'outputs' to avoid re-running this script phase.\necho \"SUCCESS\" > \"${SCRIPT_OUTPUT_FILE_0}\"\n";
			showEnvVarsInLog = 0;
		};
		9A5D0503C14A097E7D79BCB3 /* [CP] Embed Pods Frameworks */ = {
			isa = PBXShellScriptBuildPhase;
			buildActionMask = 2147483647;
			files = (
			);
			inputFileListPaths = (
				"${PODS_ROOT}/Target Support Files/Pods-FigmaMirrorDesktop/Pods-FigmaMirrorDesktop-frameworks-${CONFIGURATION}-input-files.xcfilelist",
			);
			name = "[CP] Embed Pods Frameworks";
			outputFileListPaths = (
				"${PODS_ROOT}/Target Support Files/Pods-FigmaMirrorDesktop/Pods-FigmaMirrorDesktop-frameworks-${CONFIGURATION}-output-files.xcfilelist",
			);
			runOnlyForDeploymentPostprocessing = 0;
			shellPath = /bin/sh;
			shellScript = "\"${PODS_ROOT}/Target Support Files/Pods-FigmaMirrorDesktop/Pods-FigmaMirrorDesktop-frameworks.sh\"\n";
			showEnvVarsInLog = 0;
		};
/* End PBXShellScriptBuildPhase section */

/* Begin PBXSourcesBuildPhase section */
		35C1ABDE2394CB6E00FCCCC4 /* Sources */ = {
			isa = PBXSourcesBuildPhase;
			buildActionMask = 2147483647;
			files = (
				35C1ABE82394CB6E00FCCCC4 /* ViewController.swift in Sources */,
				35C1ABE62394CB6E00FCCCC4 /* AppDelegate.swift in Sources */,
				35C1ABFD2394F5CB00FCCCC4 /* PreviewWindowController.swift in Sources */,
				35C1ABFB2394E65500FCCCC4 /* PreviewManager.swift in Sources */,
			);
			runOnlyForDeploymentPostprocessing = 0;
		};
/* End PBXSourcesBuildPhase section */

/* Begin PBXVariantGroup section */
		35C1ABEB2394CB7400FCCCC4 /* Main.storyboard */ = {
			isa = PBXVariantGroup;
			children = (
				35C1ABEC2394CB7400FCCCC4 /* Base */,
			);
			name = Main.storyboard;
			sourceTree = "<group>";
		};
/* End PBXVariantGroup section */

/* Begin XCBuildConfiguration section */
		35C1ABF02394CB7400FCCCC4 /* Debug */ = {
			isa = XCBuildConfiguration;
			buildSettings = {
				ALWAYS_SEARCH_USER_PATHS = NO;
				CLANG_ANALYZER_NONNULL = YES;
				CLANG_ANALYZER_NUMBER_OBJECT_CONVERSION = YES_AGGRESSIVE;
				CLANG_CXX_LANGUAGE_STANDARD = "gnu++14";
				CLANG_CXX_LIBRARY = "libc++";
				CLANG_ENABLE_MODULES = YES;
				CLANG_ENABLE_OBJC_ARC = YES;
				CLANG_ENABLE_OBJC_WEAK = YES;
				CLANG_WARN_BLOCK_CAPTURE_AUTORELEASING = YES;
				CLANG_WARN_BOOL_CONVERSION = YES;
				CLANG_WARN_COMMA = YES;
				CLANG_WARN_CONSTANT_CONVERSION = YES;
				CLANG_WARN_DEPRECATED_OBJC_IMPLEMENTATIONS = YES;
				CLANG_WARN_DIRECT_OBJC_ISA_USAGE = YES_ERROR;
				CLANG_WARN_DOCUMENTATION_COMMENTS = YES;
				CLANG_WARN_EMPTY_BODY = YES;
				CLANG_WARN_ENUM_CONVERSION = YES;
				CLANG_WARN_INFINITE_RECURSION = YES;
				CLANG_WARN_INT_CONVERSION = YES;
				CLANG_WARN_NON_LITERAL_NULL_CONVERSION = YES;
				CLANG_WARN_OBJC_IMPLICIT_RETAIN_SELF = YES;
				CLANG_WARN_OBJC_LITERAL_CONVERSION = YES;
				CLANG_WARN_OBJC_ROOT_CLASS = YES_ERROR;
				CLANG_WARN_RANGE_LOOP_ANALYSIS = YES;
				CLANG_WARN_STRICT_PROTOTYPES = YES;
				CLANG_WARN_SUSPICIOUS_MOVE = YES;
				CLANG_WARN_UNGUARDED_AVAILABILITY = YES_AGGRESSIVE;
				CLANG_WARN_UNREACHABLE_CODE = YES;
				CLANG_WARN__DUPLICATE_METHOD_MATCH = YES;
				COPY_PHASE_STRIP = NO;
				DEBUG_INFORMATION_FORMAT = dwarf;
				ENABLE_STRICT_OBJC_MSGSEND = YES;
				ENABLE_TESTABILITY = YES;
				GCC_C_LANGUAGE_STANDARD = gnu11;
				GCC_DYNAMIC_NO_PIC = NO;
				GCC_NO_COMMON_BLOCKS = YES;
				GCC_OPTIMIZATION_LEVEL = 0;
				GCC_PREPROCESSOR_DEFINITIONS = (
					"DEBUG=1",
					"$(inherited)",
				);
				GCC_WARN_64_TO_32_BIT_CONVERSION = YES;
				GCC_WARN_ABOUT_RETURN_TYPE = YES_ERROR;
				GCC_WARN_UNDECLARED_SELECTOR = YES;
				GCC_WARN_UNINITIALIZED_AUTOS = YES_AGGRESSIVE;
				GCC_WARN_UNUSED_FUNCTION = YES;
				GCC_WARN_UNUSED_VARIABLE = YES;
				MACOSX_DEPLOYMENT_TARGET = 10.15;
				MTL_ENABLE_DEBUG_INFO = INCLUDE_SOURCE;
				MTL_FAST_MATH = YES;
				ONLY_ACTIVE_ARCH = YES;
				SDKROOT = macosx;
				SWIFT_ACTIVE_COMPILATION_CONDITIONS = DEBUG;
				SWIFT_OPTIMIZATION_LEVEL = "-Onone";
			};
			name = Debug;
		};
		35C1ABF12394CB7400FCCCC4 /* Release */ = {
			isa = XCBuildConfiguration;
			buildSettings = {
				ALWAYS_SEARCH_USER_PATHS = NO;
				CLANG_ANALYZER_NONNULL = YES;
				CLANG_ANALYZER_NUMBER_OBJECT_CONVERSION = YES_AGGRESSIVE;
				CLANG_CXX_LANGUAGE_STANDARD = "gnu++14";
				CLANG_CXX_LIBRARY = "libc++";
				CLANG_ENABLE_MODULES = YES;
				CLANG_ENABLE_OBJC_ARC = YES;
				CLANG_ENABLE_OBJC_WEAK = YES;
				CLANG_WARN_BLOCK_CAPTURE_AUTORELEASING = YES;
				CLANG_WARN_BOOL_CONVERSION = YES;
				CLANG_WARN_COMMA = YES;
				CLANG_WARN_CONSTANT_CONVERSION = YES;
				CLANG_WARN_DEPRECATED_OBJC_IMPLEMENTATIONS = YES;
				CLANG_WARN_DIRECT_OBJC_ISA_USAGE = YES_ERROR;
				CLANG_WARN_DOCUMENTATION_COMMENTS = YES;
				CLANG_WARN_EMPTY_BODY = YES;
				CLANG_WARN_ENUM_CONVERSION = YES;
				CLANG_WARN_INFINITE_RECURSION = YES;
				CLANG_WARN_INT_CONVERSION = YES;
				CLANG_WARN_NON_LITERAL_NULL_CONVERSION = YES;
				CLANG_WARN_OBJC_IMPLICIT_RETAIN_SELF = YES;
				CLANG_WARN_OBJC_LITERAL_CONVERSION = YES;
				CLANG_WARN_OBJC_ROOT_CLASS = YES_ERROR;
				CLANG_WARN_RANGE_LOOP_ANALYSIS = YES;
				CLANG_WARN_STRICT_PROTOTYPES = YES;
				CLANG_WARN_SUSPICIOUS_MOVE = YES;
				CLANG_WARN_UNGUARDED_AVAILABILITY = YES_AGGRESSIVE;
				CLANG_WARN_UNREACHABLE_CODE = YES;
				CLANG_WARN__DUPLICATE_METHOD_MATCH = YES;
				COPY_PHASE_STRIP = NO;
				DEBUG_INFORMATION_FORMAT = "dwarf-with-dsym";
				ENABLE_NS_ASSERTIONS = NO;
				ENABLE_STRICT_OBJC_MSGSEND = YES;
				GCC_C_LANGUAGE_STANDARD = gnu11;
				GCC_NO_COMMON_BLOCKS = YES;
				GCC_WARN_64_TO_32_BIT_CONVERSION = YES;
				GCC_WARN_ABOUT_RETURN_TYPE = YES_ERROR;
				GCC_WARN_UNDECLARED_SELECTOR = YES;
				GCC_WARN_UNINITIALIZED_AUTOS = YES_AGGRESSIVE;
				GCC_WARN_UNUSED_FUNCTION = YES;
				GCC_WARN_UNUSED_VARIABLE = YES;
				MACOSX_DEPLOYMENT_TARGET = 10.15;
				MTL_ENABLE_DEBUG_INFO = NO;
				MTL_FAST_MATH = YES;
				SDKROOT = macosx;
				SWIFT_COMPILATION_MODE = wholemodule;
				SWIFT_OPTIMIZATION_LEVEL = "-O";
			};
			name = Release;
		};
		35C1ABF32394CB7400FCCCC4 /* Debug */ = {
			isa = XCBuildConfiguration;
			baseConfigurationReference = 93B9F3253679421B0B0D4E91 /* Pods-FigmaMirrorDesktop.debug.xcconfig */;
			buildSettings = {
				ASSETCATALOG_COMPILER_APPICON_NAME = AppIcon;
				CODE_SIGN_ENTITLEMENTS = FigmaMirrorDesktop/FigmaMirrorDesktop.entitlements;
				CODE_SIGN_IDENTITY = "-";
				CODE_SIGN_STYLE = Automatic;
				COMBINE_HIDPI_IMAGES = YES;
				DEVELOPMENT_TEAM = VPN8ZW6EAC;
				ENABLE_HARDENED_RUNTIME = YES;
				INFOPLIST_FILE = FigmaMirrorDesktop/Info.plist;
				LD_RUNPATH_SEARCH_PATHS = (
					"$(inherited)",
					"@executable_path/../Frameworks",
				);
				MACOSX_DEPLOYMENT_TARGET = 10.14;
				PRODUCT_BUNDLE_IDENTIFIER = com.nateparrott.FigmaMirrorDesktop;
				PRODUCT_NAME = "Figma Mirror";
				SWIFT_VERSION = 5.0;
			};
			name = Debug;
		};
		35C1ABF42394CB7400FCCCC4 /* Release */ = {
			isa = XCBuildConfiguration;
			baseConfigurationReference = 5CE505BD1EF7BD9FBF6E37EB /* Pods-FigmaMirrorDesktop.release.xcconfig */;
			buildSettings = {
				ASSETCATALOG_COMPILER_APPICON_NAME = AppIcon;
				CODE_SIGN_ENTITLEMENTS = FigmaMirrorDesktop/FigmaMirrorDesktop.entitlements;
				CODE_SIGN_IDENTITY = "-";
				CODE_SIGN_STYLE = Automatic;
				COMBINE_HIDPI_IMAGES = YES;
				DEVELOPMENT_TEAM = VPN8ZW6EAC;
				ENABLE_HARDENED_RUNTIME = YES;
				INFOPLIST_FILE = FigmaMirrorDesktop/Info.plist;
				LD_RUNPATH_SEARCH_PATHS = (
					"$(inherited)",
					"@executable_path/../Frameworks",
				);
				MACOSX_DEPLOYMENT_TARGET = 10.14;
				PRODUCT_BUNDLE_IDENTIFIER = com.nateparrott.FigmaMirrorDesktop;
				PRODUCT_NAME = "Figma Mirror";
				SWIFT_VERSION = 5.0;
			};
			name = Release;
		};
/* End XCBuildConfiguration section */

/* Begin XCConfigurationList section */
		35C1ABDD2394CB6E00FCCCC4 /* Build configuration list for PBXProject "FigmaMirrorDesktop" */ = {
			isa = XCConfigurationList;
			buildConfigurations = (
				35C1ABF02394CB7400FCCCC4 /* Debug */,
				35C1ABF12394CB7400FCCCC4 /* Release */,
			);
			defaultConfigurationIsVisible = 0;
			defaultConfigurationName = Release;
		};
		35C1ABF22394CB7400FCCCC4 /* Build configuration list for PBXNativeTarget "FigmaMirrorDesktop" */ = {
			isa = XCConfigurationList;
			buildConfigurations = (
				35C1ABF32394CB7400FCCCC4 /* Debug */,
				35C1ABF42394CB7400FCCCC4 /* Release */,
			);
			defaultConfigurationIsVisible = 0;
			defaultConfigurationName = Release;
		};
/* End XCConfigurationList section */

/* Begin XCRemoteSwiftPackageReference section */
		35C1ABF52394CCF800FCCCC4 /* XCRemoteSwiftPackageReference "swifter" */ = {
			isa = XCRemoteSwiftPackageReference;
			repositoryURL = "https://github.com/httpswift/swifter.git";
			requirement = {
				kind = upToNextMajorVersion;
				minimumVersion = 1.4.7;
			};
		};
/* End XCRemoteSwiftPackageReference section */
	};
	rootObject = 35C1ABDA2394CB6E00FCCCC4 /* Project object */;
}
